Microsoft Visual Studio Solution File, Format Version 12.00
# Visual Studio Version 17
VisualStudioVersion = 17.12.35707.178
MinimumVisualStudioVersion = 10.0.40219.1
Project("{2150E333-8FDC-42A3-9474-1A3956D46DE8}") = "src", "src", "{F6B68307-8714-4183-B629-A55FA95A89D5}"
EndProject
Project("{2150E333-8FDC-42A3-9474-1A3956D46DE8}") = "tests", "tests", "{0DC7E179-6293-41B0-AB44-97C013030886}"
EndProject
Project("{FAE04EC0-301F-11D3-BF4B-00C04F79EFBC}") = "Guarded", "src\Guarded.csproj", "{79E993CB-D45B-4822-AC2D-F3E8E2634E57}"
EndProject
Project("{FAE04EC0-301F-11D3-BF4B-00C04F79EFBC}") = "Guarded.UnitTests", "tests\Guarded.UnitTests\Guarded.UnitTests.csproj", "{C64F87DA-015B-4828-8677-E6DC13F88B13}"
EndProject
Global
	GlobalSection(SolutionConfigurationPlatforms) = preSolution
		Debug|Any CPU = Debug|Any CPU
		Release|Any CPU = Release|Any CPU
	EndGlobalSection
	GlobalSection(ProjectConfigurationPlatforms) = postSolution
		{79E993CB-D45B-4822-AC2D-F3E8E2634E57}.Debug|Any CPU.ActiveCfg = Debug|Any CPU
		{79E993CB-D45B-4822-AC2D-F3E8E2634E57}.Debug|Any CPU.Build.0 = Debug|Any CPU
		{79E993CB-D45B-4822-AC2D-F3E8E2634E57}.Release|Any CPU.ActiveCfg = Release|Any CPU
		{79E993CB-D45B-4822-AC2D-F3E8E2634E57}.Release|Any CPU.Build.0 = Release|Any CPU
		{C64F87DA-015B-4828-8677-E6DC13F88B13}.Debug|Any CPU.ActiveCfg = Debug|Any CPU
		{C64F87DA-015B-4828-8677-E6DC13F88B13}.Debug|Any CPU.Build.0 = Debug|Any CPU
		{C64F87DA-015B-4828-8677-E6DC13F88B13}.Release|Any CPU.ActiveCfg = Release|Any CPU
		{C64F87DA-015B-4828-8677-E6DC13F88B13}.Release|Any CPU.Build.0 = Release|Any CPU
	EndGlobalSection
	GlobalSection(SolutionProperties) = preSolution
		HideSolutionNode = FALSE
	EndGlobalSection
	GlobalSection(NestedProjects) = preSolution
		{79E993CB-D45B-4822-AC2D-F3E8E2634E57} = {F6B68307-8714-4183-B629-A55FA95A89D5}
		{C64F87DA-015B-4828-8677-E6DC13F88B13} = {0DC7E179-6293-41B0-AB44-97C013030886}
	EndGlobalSection
EndGlobal
